
Microsoft Visual Studio Solution File, Format Version 9.00
# Visual Studio 2005
Project("{FAE04EC0-301F-11D3-BF4B-00C04F79EFBC}") = "Soodawind", "Soodawind.csproj", "{8E85C155-A51D-45F0-BEE9-5C1E8AEB1A5B}"
EndProject
Global
	GlobalSection(SolutionConfigurationPlatforms) = preSolution
		Debug|Any CPU = Debug|Any CPU
		Release|Any CPU = Release|Any CPU
	EndGlobalSection
	GlobalSection(ProjectConfigurationPlatforms) = postSolution
		{8E85C155-A51D-45F0-BEE9-5C1E8AEB1A5B}.Debug|Any CPU.ActiveCfg = Debug|Any CPU
		{8E85C155-A51D-45F0-BEE9-5C1E8AEB1A5B}.Debug|Any CPU.Build.0 = Debug|Any CPU
		{8E85C155-A51D-45F0-BEE9-5C1E8AEB1A5B}.Release|Any CPU.ActiveCfg = Release|Any CPU
		{8E85C155-A51D-45F0-BEE9-5C1E8AEB1A5B}.Release|Any CPU.Build.0 = Release|Any CPU
	EndGlobalSection
	GlobalSection(SolutionProperties) = preSolution
		HideSolutionNode = FALSE
	EndGlobalSection
EndGlobal
