Microsoft Visual Studio Solution File, Format Version 8.00
Project("{FAE04EC0-301F-11D3-BF4B-00C04F79EFBC}") = "Sooda", "src\Sooda\Sooda.csproj", "{FCC9B644-9093-41F6-8F0D-F98F22474CB5}"
	ProjectSection(ProjectDependencies) = postProject
	EndProjectSection
EndProject
Project("{FAE04EC0-301F-11D3-BF4B-00C04F79EFBC}") = "SoodaStubGen", "src\SoodaStubGen\SoodaStubGen.csproj", "{D1076BB4-3E1B-43D3-B176-DBE89B3C413B}"
	ProjectSection(ProjectDependencies) = postProject
	EndProjectSection
EndProject
Project("{FAE04EC0-301F-11D3-BF4B-00C04F79EFBC}") = "SoodaQuery", "src\SoodaQuery\SoodaQuery.csproj", "{45C7A3D2-ACAF-4772-AFDE-3F9B5241258F}"
	ProjectSection(ProjectDependencies) = postProject
	EndProjectSection
EndProject
Project("{FAE04EC0-301F-11D3-BF4B-00C04F79EFBC}") = "SoodaFixKeygen", "src\SoodaFixKeygen\SoodaFixKeygen.csproj", "{74410A3C-F7F5-47FE-8F72-1856753BDD26}"
	ProjectSection(ProjectDependencies) = postProject
	EndProjectSection
EndProject
Project("{FAE04EC0-301F-11D3-BF4B-00C04F79EFBC}") = "SoodaCompileStubs", "src\SoodaCompileStubs\SoodaCompileStubs.csproj", "{7DACB842-1C46-4145-B02D-91E7C3CD4276}"
	ProjectSection(ProjectDependencies) = postProject
	EndProjectSection
EndProject
Project("{FAE04EC0-301F-11D3-BF4B-00C04F79EFBC}") = "SoodaSchemaTool", "src\SoodaSchemaTool\SoodaSchemaTool.csproj", "{C5E51DAD-B844-4B20-8A84-2D098E75ABAF}"
	ProjectSection(ProjectDependencies) = postProject
	EndProjectSection
EndProject
Project("{FAE04EC0-301F-11D3-BF4B-00C04F79EFBC}") = "Sooda.Logging.NLog", "src\Sooda.Logging.NLog\Sooda.Logging.NLog.csproj", "{A6A3FE85-9F3D-4A3D-B8E6-B24771CB3F62}"
	ProjectSection(ProjectDependencies) = postProject
	EndProjectSection
EndProject
Project("{FAE04EC0-301F-11D3-BF4B-00C04F79EFBC}") = "Sooda.Logging.log4net", "src\Sooda.Logging.log4net\Sooda.Logging.log4net.csproj", "{F7C88A34-ECCE-4658-9E5C-0289CD10241D}"
	ProjectSection(ProjectDependencies) = postProject
	EndProjectSection
EndProject
Global
	GlobalSection(SolutionConfiguration) = preSolution
		Debug = Debug
		Release = Release
	EndGlobalSection
	GlobalSection(ProjectConfiguration) = postSolution
		{FCC9B644-9093-41F6-8F0D-F98F22474CB5}.Debug.ActiveCfg = Debug|.NET
		{FCC9B644-9093-41F6-8F0D-F98F22474CB5}.Debug.Build.0 = Debug|.NET
		{FCC9B644-9093-41F6-8F0D-F98F22474CB5}.Release.ActiveCfg = Release|.NET
		{FCC9B644-9093-41F6-8F0D-F98F22474CB5}.Release.Build.0 = Release|.NET
		{D1076BB4-3E1B-43D3-B176-DBE89B3C413B}.Debug.ActiveCfg = Debug|.NET
		{D1076BB4-3E1B-43D3-B176-DBE89B3C413B}.Debug.Build.0 = Debug|.NET
		{D1076BB4-3E1B-43D3-B176-DBE89B3C413B}.Release.ActiveCfg = Release|.NET
		{D1076BB4-3E1B-43D3-B176-DBE89B3C413B}.Release.Build.0 = Release|.NET
		{45C7A3D2-ACAF-4772-AFDE-3F9B5241258F}.Debug.ActiveCfg = Debug|.NET
		{45C7A3D2-ACAF-4772-AFDE-3F9B5241258F}.Debug.Build.0 = Debug|.NET
		{45C7A3D2-ACAF-4772-AFDE-3F9B5241258F}.Release.ActiveCfg = Release|.NET
		{45C7A3D2-ACAF-4772-AFDE-3F9B5241258F}.Release.Build.0 = Release|.NET
		{74410A3C-F7F5-47FE-8F72-1856753BDD26}.Debug.ActiveCfg = Debug|.NET
		{74410A3C-F7F5-47FE-8F72-1856753BDD26}.Debug.Build.0 = Debug|.NET
		{74410A3C-F7F5-47FE-8F72-1856753BDD26}.Release.ActiveCfg = Release|.NET
		{74410A3C-F7F5-47FE-8F72-1856753BDD26}.Release.Build.0 = Release|.NET
		{7DACB842-1C46-4145-B02D-91E7C3CD4276}.Debug.ActiveCfg = Debug|.NET
		{7DACB842-1C46-4145-B02D-91E7C3CD4276}.Debug.Build.0 = Debug|.NET
		{7DACB842-1C46-4145-B02D-91E7C3CD4276}.Release.ActiveCfg = Release|.NET
		{7DACB842-1C46-4145-B02D-91E7C3CD4276}.Release.Build.0 = Release|.NET
		{C5E51DAD-B844-4B20-8A84-2D098E75ABAF}.Debug.ActiveCfg = Debug|.NET
		{C5E51DAD-B844-4B20-8A84-2D098E75ABAF}.Debug.Build.0 = Debug|.NET
		{C5E51DAD-B844-4B20-8A84-2D098E75ABAF}.Release.ActiveCfg = Release|.NET
		{C5E51DAD-B844-4B20-8A84-2D098E75ABAF}.Release.Build.0 = Release|.NET
		{A6A3FE85-9F3D-4A3D-B8E6-B24771CB3F62}.Debug.ActiveCfg = Debug|.NET
		{A6A3FE85-9F3D-4A3D-B8E6-B24771CB3F62}.Debug.Build.0 = Debug|.NET
		{A6A3FE85-9F3D-4A3D-B8E6-B24771CB3F62}.Release.ActiveCfg = Release|.NET
		{A6A3FE85-9F3D-4A3D-B8E6-B24771CB3F62}.Release.Build.0 = Release|.NET
		{F7C88A34-ECCE-4658-9E5C-0289CD10241D}.Debug.ActiveCfg = Debug|.NET
		{F7C88A34-ECCE-4658-9E5C-0289CD10241D}.Debug.Build.0 = Debug|.NET
		{F7C88A34-ECCE-4658-9E5C-0289CD10241D}.Release.ActiveCfg = Release|.NET
		{F7C88A34-ECCE-4658-9E5C-0289CD10241D}.Release.Build.0 = Release|.NET
	EndGlobalSection
	GlobalSection(ExtensibilityGlobals) = postSolution
	EndGlobalSection
	GlobalSection(ExtensibilityAddIns) = postSolution
	EndGlobalSection
	GlobalSection(DPCodeReviewSolutionGUID) = preSolution
		DPCodeReviewSolutionGUID = {00000000-0000-0000-0000-000000000000}
	EndGlobalSection
EndGlobal
