Microsoft Visual Studio Solution File, Format Version 10.00
# Visual C# Express 2008
Project("{FAE04EC0-301F-11D3-BF4B-00C04F79EFBC}") = "Sooda.vs2008", "src\Sooda\Sooda.vs2008.csproj", "{FCC9B644-9093-41F6-8F0D-F98F22474CB5}"
EndProject
Project("{FAE04EC0-301F-11D3-BF4B-00C04F79EFBC}") = "SoodaFixKeygen.vs2008", "src\SoodaFixKeygen\SoodaFixKeygen.vs2008.csproj", "{74410A3C-F7F5-47FE-8F72-1856753BDD26}"
EndProject
Project("{FAE04EC0-301F-11D3-BF4B-00C04F79EFBC}") = "SoodaCompileStubs.vs2008", "src\SoodaCompileStubs\SoodaCompileStubs.vs2008.csproj", "{7DACB842-1C46-4145-B02D-91E7C3CD4276}"
EndProject
Project("{FAE04EC0-301F-11D3-BF4B-00C04F79EFBC}") = "SoodaSchemaTool.vs2008", "src\SoodaSchemaTool\SoodaSchemaTool.vs2008.csproj", "{C5E51DAD-B844-4B20-8A84-2D098E75ABAF}"
EndProject
Project("{FAE04EC0-301F-11D3-BF4B-00C04F79EFBC}") = "Sooda.Logging.NLog.vs2008", "src\Sooda.Logging.NLog\Sooda.Logging.NLog.vs2008.csproj", "{A6A3FE85-9F3D-4A3D-B8E6-B24771CB3F62}"
EndProject
Project("{FAE04EC0-301F-11D3-BF4B-00C04F79EFBC}") = "Sooda.Logging.log4net.vs2008", "src\Sooda.Logging.log4net\Sooda.Logging.log4net.vs2008.csproj", "{F7C88A34-ECCE-4658-9E5C-0289CD10241D}"
EndProject
Project("{FAE04EC0-301F-11D3-BF4B-00C04F79EFBC}") = "Sooda.CodeGen.vs2008", "src\Sooda.CodeGen\Sooda.CodeGen.vs2008.csproj", "{0D67237B-4FBA-4BD9-95C3-24B5F427D014}"
EndProject
Project("{FAE04EC0-301F-11D3-BF4B-00C04F79EFBC}") = "Sooda.NAnt.Tasks.vs2008", "src\Sooda.NAnt.Tasks\Sooda.NAnt.Tasks.vs2008.csproj", "{6CEC3AFB-2F26-4128-81CE-D93373874AF8}"
EndProject
Project("{FAE04EC0-301F-11D3-BF4B-00C04F79EFBC}") = "SoodaStubGen.vs2008", "src\SoodaStubGen\SoodaStubGen.vs2008.csproj", "{5F89F8D0-39BC-49F8-92E3-3A7F5F3FF55F}"
EndProject
Project("{FAE04EC0-301F-11D3-BF4B-00C04F79EFBC}") = "Sooda.UnitTests.BaseObjects.vs2008", "tests\BaseObjects\Sooda.UnitTests.BaseObjects.vs2008.csproj", "{A1D122ED-CF84-4EF0-A138-72922DD50409}"
EndProject
Global
	GlobalSection(SolutionConfigurationPlatforms) = preSolution
		Debug|Any CPU = Debug|Any CPU
		Release|Any CPU = Release|Any CPU
	EndGlobalSection
	GlobalSection(ProjectConfigurationPlatforms) = postSolution
		{FCC9B644-9093-41F6-8F0D-F98F22474CB5}.Debug|Any CPU.ActiveCfg = Debug|Any CPU
		{FCC9B644-9093-41F6-8F0D-F98F22474CB5}.Debug|Any CPU.Build.0 = Debug|Any CPU
		{FCC9B644-9093-41F6-8F0D-F98F22474CB5}.Release|Any CPU.ActiveCfg = Release|Any CPU
		{FCC9B644-9093-41F6-8F0D-F98F22474CB5}.Release|Any CPU.Build.0 = Release|Any CPU
		{74410A3C-F7F5-47FE-8F72-1856753BDD26}.Debug|Any CPU.ActiveCfg = Debug|Any CPU
		{74410A3C-F7F5-47FE-8F72-1856753BDD26}.Debug|Any CPU.Build.0 = Debug|Any CPU
		{74410A3C-F7F5-47FE-8F72-1856753BDD26}.Release|Any CPU.ActiveCfg = Release|Any CPU
		{74410A3C-F7F5-47FE-8F72-1856753BDD26}.Release|Any CPU.Build.0 = Release|Any CPU
		{7DACB842-1C46-4145-B02D-91E7C3CD4276}.Debug|Any CPU.ActiveCfg = Debug|Any CPU
		{7DACB842-1C46-4145-B02D-91E7C3CD4276}.Debug|Any CPU.Build.0 = Debug|Any CPU
		{7DACB842-1C46-4145-B02D-91E7C3CD4276}.Release|Any CPU.ActiveCfg = Release|Any CPU
		{7DACB842-1C46-4145-B02D-91E7C3CD4276}.Release|Any CPU.Build.0 = Release|Any CPU
		{C5E51DAD-B844-4B20-8A84-2D098E75ABAF}.Debug|Any CPU.ActiveCfg = Debug|Any CPU
		{C5E51DAD-B844-4B20-8A84-2D098E75ABAF}.Debug|Any CPU.Build.0 = Debug|Any CPU
		{C5E51DAD-B844-4B20-8A84-2D098E75ABAF}.Release|Any CPU.ActiveCfg = Release|Any CPU
		{C5E51DAD-B844-4B20-8A84-2D098E75ABAF}.Release|Any CPU.Build.0 = Release|Any CPU
		{A6A3FE85-9F3D-4A3D-B8E6-B24771CB3F62}.Debug|Any CPU.ActiveCfg = Debug|Any CPU
		{A6A3FE85-9F3D-4A3D-B8E6-B24771CB3F62}.Debug|Any CPU.Build.0 = Debug|Any CPU
		{A6A3FE85-9F3D-4A3D-B8E6-B24771CB3F62}.Release|Any CPU.ActiveCfg = Release|Any CPU
		{A6A3FE85-9F3D-4A3D-B8E6-B24771CB3F62}.Release|Any CPU.Build.0 = Release|Any CPU
		{F7C88A34-ECCE-4658-9E5C-0289CD10241D}.Debug|Any CPU.ActiveCfg = Debug|Any CPU
		{F7C88A34-ECCE-4658-9E5C-0289CD10241D}.Debug|Any CPU.Build.0 = Debug|Any CPU
		{F7C88A34-ECCE-4658-9E5C-0289CD10241D}.Release|Any CPU.ActiveCfg = Release|Any CPU
		{F7C88A34-ECCE-4658-9E5C-0289CD10241D}.Release|Any CPU.Build.0 = Release|Any CPU
		{0D67237B-4FBA-4BD9-95C3-24B5F427D014}.Debug|Any CPU.ActiveCfg = Debug|Any CPU
		{0D67237B-4FBA-4BD9-95C3-24B5F427D014}.Debug|Any CPU.Build.0 = Debug|Any CPU
		{0D67237B-4FBA-4BD9-95C3-24B5F427D014}.Release|Any CPU.ActiveCfg = Release|Any CPU
		{0D67237B-4FBA-4BD9-95C3-24B5F427D014}.Release|Any CPU.Build.0 = Release|Any CPU
		{6CEC3AFB-2F26-4128-81CE-D93373874AF8}.Debug|Any CPU.ActiveCfg = Debug|Any CPU
		{6CEC3AFB-2F26-4128-81CE-D93373874AF8}.Debug|Any CPU.Build.0 = Debug|Any CPU
		{6CEC3AFB-2F26-4128-81CE-D93373874AF8}.Release|Any CPU.ActiveCfg = Release|Any CPU
		{6CEC3AFB-2F26-4128-81CE-D93373874AF8}.Release|Any CPU.Build.0 = Release|Any CPU
		{5F89F8D0-39BC-49F8-92E3-3A7F5F3FF55F}.Debug|Any CPU.ActiveCfg = Debug|Any CPU
		{5F89F8D0-39BC-49F8-92E3-3A7F5F3FF55F}.Debug|Any CPU.Build.0 = Debug|Any CPU
		{5F89F8D0-39BC-49F8-92E3-3A7F5F3FF55F}.Release|Any CPU.ActiveCfg = Release|Any CPU
		{5F89F8D0-39BC-49F8-92E3-3A7F5F3FF55F}.Release|Any CPU.Build.0 = Release|Any CPU
		{A1D122ED-CF84-4EF0-A138-72922DD50409}.Debug|Any CPU.ActiveCfg = Debug|Any CPU
		{A1D122ED-CF84-4EF0-A138-72922DD50409}.Debug|Any CPU.Build.0 = Debug|Any CPU
		{A1D122ED-CF84-4EF0-A138-72922DD50409}.Release|Any CPU.ActiveCfg = Release|Any CPU
		{A1D122ED-CF84-4EF0-A138-72922DD50409}.Release|Any CPU.Build.0 = Release|Any CPU
	EndGlobalSection
	GlobalSection(SolutionProperties) = preSolution
		HideSolutionNode = FALSE
	EndGlobalSection
	GlobalSection(DPCodeReviewSolutionGUID) = preSolution
		DPCodeReviewSolutionGUID = {00000000-0000-0000-0000-000000000000}
	EndGlobalSection
EndGlobal
