
Microsoft Visual Studio Solution File, Format Version 12.00
# Visual Studio 2012
Project("{FAE04EC0-301F-11D3-BF4B-00C04F79EFBC}") = "SoodaAddin.UI", "src\SoodaAddin.UI\SoodaAddin.UI.csproj", "{C5CD6D63-6EE3-4FD9-9E4C-CBA49C0EF739}"
EndProject
Project("{FAE04EC0-301F-11D3-BF4B-00C04F79EFBC}") = "ConfigureSoodaProject", "src\ConfigureSoodaProject\ConfigureSoodaProject.csproj", "{43FDE59A-8710-4E7B-859B-021BBB6DEEEB}"
EndProject
Global
	GlobalSection(SolutionConfigurationPlatforms) = preSolution
		Debug|Any CPU = Debug|Any CPU
		Release|Any CPU = Release|Any CPU
	EndGlobalSection
	GlobalSection(ProjectConfigurationPlatforms) = postSolution
		{C5CD6D63-6EE3-4FD9-9E4C-CBA49C0EF739}.Debug|Any CPU.ActiveCfg = Debug|Any CPU
		{C5CD6D63-6EE3-4FD9-9E4C-CBA49C0EF739}.Debug|Any CPU.Build.0 = Debug|Any CPU
		{C5CD6D63-6EE3-4FD9-9E4C-CBA49C0EF739}.Release|Any CPU.ActiveCfg = Release|Any CPU
		{C5CD6D63-6EE3-4FD9-9E4C-CBA49C0EF739}.Release|Any CPU.Build.0 = Release|Any CPU
		{43FDE59A-8710-4E7B-859B-021BBB6DEEEB}.Debug|Any CPU.ActiveCfg = Debug|Any CPU
		{43FDE59A-8710-4E7B-859B-021BBB6DEEEB}.Debug|Any CPU.Build.0 = Debug|Any CPU
		{43FDE59A-8710-4E7B-859B-021BBB6DEEEB}.Release|Any CPU.ActiveCfg = Release|Any CPU
		{43FDE59A-8710-4E7B-859B-021BBB6DEEEB}.Release|Any CPU.Build.0 = Release|Any CPU
	EndGlobalSection
	GlobalSection(SolutionProperties) = preSolution
		HideSolutionNode = FALSE
	EndGlobalSection
EndGlobal
