Microsoft Visual Studio Solution File, Format Version 8.00
Project("{FAE04EC0-301F-11D3-BF4B-00C04F79EFBC}") = "SoodaAddin.UI", "SoodaAddin.UI\SoodaAddin.UI.csproj", "{C5CD6D63-6EE3-4FD9-9E4C-CBA49C0EF739}"
	ProjectSection(ProjectDependencies) = postProject
	EndProjectSection
EndProject
Project("{FAE04EC0-301F-11D3-BF4B-00C04F79EFBC}") = "ConfigureSoodaProject", "ConfigureSoodaProject\ConfigureSoodaProject.csproj", "{43FDE59A-8710-4E7B-859B-021BBB6DEEEB}"
	ProjectSection(ProjectDependencies) = postProject
	EndProjectSection
EndProject
Global
	GlobalSection(SolutionConfiguration) = preSolution
		Debug = Debug
		Release = Release
	EndGlobalSection
	GlobalSection(ProjectConfiguration) = postSolution
		{C5CD6D63-6EE3-4FD9-9E4C-CBA49C0EF739}.Debug.ActiveCfg = Debug|.NET
		{C5CD6D63-6EE3-4FD9-9E4C-CBA49C0EF739}.Debug.Build.0 = Debug|.NET
		{C5CD6D63-6EE3-4FD9-9E4C-CBA49C0EF739}.Release.ActiveCfg = Release|.NET
		{C5CD6D63-6EE3-4FD9-9E4C-CBA49C0EF739}.Release.Build.0 = Release|.NET
		{43FDE59A-8710-4E7B-859B-021BBB6DEEEB}.Debug.ActiveCfg = Debug|.NET
		{43FDE59A-8710-4E7B-859B-021BBB6DEEEB}.Debug.Build.0 = Debug|.NET
		{43FDE59A-8710-4E7B-859B-021BBB6DEEEB}.Release.ActiveCfg = Release|.NET
		{43FDE59A-8710-4E7B-859B-021BBB6DEEEB}.Release.Build.0 = Release|.NET
	EndGlobalSection
	GlobalSection(ExtensibilityGlobals) = postSolution
	EndGlobalSection
	GlobalSection(ExtensibilityAddIns) = postSolution
	EndGlobalSection
EndGlobal
